
Microsoft Visual Studio Solution File, Format Version 12.00
# Visual Studio 2013
VisualStudioVersion = 12.0.31101.0
MinimumVisualStudioVersion = 10.0.40219.1
Project("{FAE04EC0-301F-11D3-BF4B-00C04F79EFBC}") = "DocumentsModel", "DocumentsModel\DocumentsModel.csproj", "{10C3EB92-C858-43DD-83D1-282B6ED7C395}"
EndProject
Project("{FAE04EC0-301F-11D3-BF4B-00C04F79EFBC}") = "MFilesService", "MFilesService\MFilesService.csproj", "{7E3E82DB-2172-47AB-B0FF-1923D123AFCC}"
EndProject
Project("{2150E333-8FDC-42A3-9474-1A3956D46DE8}") = ".nuget", ".nuget", "{D15A8811-949E-4590-AF75-2DA7F2F0ED02}"
	ProjectSection(SolutionItems) = preProject
		.nuget\NuGet.Config = .nuget\NuGet.Config
		.nuget\NuGet.exe = .nuget\NuGet.exe
		.nuget\NuGet.targets = .nuget\NuGet.targets
	EndProjectSection
EndProject
Project("{FAE04EC0-301F-11D3-BF4B-00C04F79EFBC}") = "MFilesSync", "MFilesSync\MFilesSync.csproj", "{737CE39F-80CF-43D0-9EA1-F29DCE25B2E2}"
EndProject
Project("{FAE04EC0-301F-11D3-BF4B-00C04F79EFBC}") = "MFilesModel", "MFilesModel\MFilesModel.csproj", "{AD4C1BEF-4B75-4AE9-90E0-38745F06E633}"
EndProject
Project("{FAE04EC0-301F-11D3-BF4B-00C04F79EFBC}") = "TermsCrm", "TermsCrm\TermsCrm.csproj", "{AB17B4C9-BFCF-44C9-8C7B-C0B3E92C6EDF}"
EndProject
Project("{FAE04EC0-301F-11D3-BF4B-00C04F79EFBC}") = "TermsCrmJson", "TermsCrmJson\TermsCrmJson.csproj", "{A278FDCA-FB09-4483-A239-7152E3E6A344}"
EndProject
Project("{FAE04EC0-301F-11D3-BF4B-00C04F79EFBC}") = "MFilesHarmony", "MFilesHarmony\MFilesHarmony.csproj", "{F4576350-A9B9-496E-940E-D9EA2CB59B2D}"
EndProject
Project("{FAE04EC0-301F-11D3-BF4B-00C04F79EFBC}") = "HarmonyInterfaces", "HarmonyInterfaces\HarmonyInterfaces.csproj", "{A4181533-FF10-4E8C-8E87-955831E09DAF}"
EndProject
Project("{FAE04EC0-301F-11D3-BF4B-00C04F79EFBC}") = "Utils", "Utils\Utils.csproj", "{C2BB2D7B-E0EB-408A-A897-7A65FDB65A55}"
EndProject
Project("{FAE04EC0-301F-11D3-BF4B-00C04F79EFBC}") = "HarmonyApp", "HarmonyApp\HarmonyApp.csproj", "{D6C37B8B-F9C3-45F6-A028-94CA88431FE9}"
EndProject
Project("{FAE04EC0-301F-11D3-BF4B-00C04F79EFBC}") = "DbHarmony", "DbHarmony\DbHarmony.csproj", "{AAC2D94E-E5AB-4B11-B285-B0E5704E7F47}"
EndProject
Project("{FAE04EC0-301F-11D3-BF4B-00C04F79EFBC}") = "TreatiesService", "TreatiesService\TreatiesService.csproj", "{3EBFCBD8-AADC-49F6-8CAF-56393A57D9E0}"
EndProject
Project("{6141683F-8A12-4E36-9623-2EB02B2C2303}") = "HarmonyAppInstaller", "HarmonyAppInstaller\HarmonyAppInstaller.isproj", "{A5154408-FBFE-45E2-B287-D09F1C55DB65}"
	ProjectSection(ProjectDependencies) = postProject
		{D6C37B8B-F9C3-45F6-A028-94CA88431FE9} = {D6C37B8B-F9C3-45F6-A028-94CA88431FE9}
	EndProjectSection
EndProject
Global
	GlobalSection(SolutionConfigurationPlatforms) = preSolution
		CD_ROM|Any CPU = CD_ROM|Any CPU
		Debug|Any CPU = Debug|Any CPU
		DVD-5|Any CPU = DVD-5|Any CPU
		Release|Any CPU = Release|Any CPU
		SingleImage|Any CPU = SingleImage|Any CPU
	EndGlobalSection
	GlobalSection(ProjectConfigurationPlatforms) = postSolution
		{10C3EB92-C858-43DD-83D1-282B6ED7C395}.CD_ROM|Any CPU.ActiveCfg = Release|Any CPU
		{10C3EB92-C858-43DD-83D1-282B6ED7C395}.CD_ROM|Any CPU.Build.0 = Release|Any CPU
		{10C3EB92-C858-43DD-83D1-282B6ED7C395}.Debug|Any CPU.ActiveCfg = Debug|Any CPU
		{10C3EB92-C858-43DD-83D1-282B6ED7C395}.Debug|Any CPU.Build.0 = Debug|Any CPU
		{10C3EB92-C858-43DD-83D1-282B6ED7C395}.DVD-5|Any CPU.ActiveCfg = Debug|Any CPU
		{10C3EB92-C858-43DD-83D1-282B6ED7C395}.DVD-5|Any CPU.Build.0 = Debug|Any CPU
		{10C3EB92-C858-43DD-83D1-282B6ED7C395}.Release|Any CPU.ActiveCfg = Release|Any CPU
		{10C3EB92-C858-43DD-83D1-282B6ED7C395}.Release|Any CPU.Build.0 = Release|Any CPU
		{10C3EB92-C858-43DD-83D1-282B6ED7C395}.SingleImage|Any CPU.ActiveCfg = Release|Any CPU
		{10C3EB92-C858-43DD-83D1-282B6ED7C395}.SingleImage|Any CPU.Build.0 = Release|Any CPU
		{7E3E82DB-2172-47AB-B0FF-1923D123AFCC}.CD_ROM|Any CPU.ActiveCfg = Release|Any CPU
		{7E3E82DB-2172-47AB-B0FF-1923D123AFCC}.CD_ROM|Any CPU.Build.0 = Release|Any CPU
		{7E3E82DB-2172-47AB-B0FF-1923D123AFCC}.Debug|Any CPU.ActiveCfg = Debug|Any CPU
		{7E3E82DB-2172-47AB-B0FF-1923D123AFCC}.Debug|Any CPU.Build.0 = Debug|Any CPU
		{7E3E82DB-2172-47AB-B0FF-1923D123AFCC}.DVD-5|Any CPU.ActiveCfg = Debug|Any CPU
		{7E3E82DB-2172-47AB-B0FF-1923D123AFCC}.DVD-5|Any CPU.Build.0 = Debug|Any CPU
		{7E3E82DB-2172-47AB-B0FF-1923D123AFCC}.Release|Any CPU.ActiveCfg = Release|Any CPU
		{7E3E82DB-2172-47AB-B0FF-1923D123AFCC}.Release|Any CPU.Build.0 = Release|Any CPU
		{7E3E82DB-2172-47AB-B0FF-1923D123AFCC}.SingleImage|Any CPU.ActiveCfg = Release|Any CPU
		{7E3E82DB-2172-47AB-B0FF-1923D123AFCC}.SingleImage|Any CPU.Build.0 = Release|Any CPU
		{737CE39F-80CF-43D0-9EA1-F29DCE25B2E2}.CD_ROM|Any CPU.ActiveCfg = Release|Any CPU
		{737CE39F-80CF-43D0-9EA1-F29DCE25B2E2}.Debug|Any CPU.ActiveCfg = Debug|Any CPU
		{737CE39F-80CF-43D0-9EA1-F29DCE25B2E2}.DVD-5|Any CPU.ActiveCfg = Debug|Any CPU
		{737CE39F-80CF-43D0-9EA1-F29DCE25B2E2}.Release|Any CPU.ActiveCfg = Release|Any CPU
		{737CE39F-80CF-43D0-9EA1-F29DCE25B2E2}.SingleImage|Any CPU.ActiveCfg = Release|Any CPU
		{AD4C1BEF-4B75-4AE9-90E0-38745F06E633}.CD_ROM|Any CPU.ActiveCfg = Release|Any CPU
		{AD4C1BEF-4B75-4AE9-90E0-38745F06E633}.Debug|Any CPU.ActiveCfg = Debug|Any CPU
		{AD4C1BEF-4B75-4AE9-90E0-38745F06E633}.DVD-5|Any CPU.ActiveCfg = Debug|Any CPU
		{AD4C1BEF-4B75-4AE9-90E0-38745F06E633}.Release|Any CPU.ActiveCfg = Release|Any CPU
		{AD4C1BEF-4B75-4AE9-90E0-38745F06E633}.SingleImage|Any CPU.ActiveCfg = Release|Any CPU
		{AB17B4C9-BFCF-44C9-8C7B-C0B3E92C6EDF}.CD_ROM|Any CPU.ActiveCfg = Release|Any CPU
		{AB17B4C9-BFCF-44C9-8C7B-C0B3E92C6EDF}.Debug|Any CPU.ActiveCfg = Debug|Any CPU
		{AB17B4C9-BFCF-44C9-8C7B-C0B3E92C6EDF}.DVD-5|Any CPU.ActiveCfg = Debug|Any CPU
		{AB17B4C9-BFCF-44C9-8C7B-C0B3E92C6EDF}.Release|Any CPU.ActiveCfg = Release|Any CPU
		{AB17B4C9-BFCF-44C9-8C7B-C0B3E92C6EDF}.SingleImage|Any CPU.ActiveCfg = Release|Any CPU
		{A278FDCA-FB09-4483-A239-7152E3E6A344}.CD_ROM|Any CPU.ActiveCfg = Release|Any CPU
		{A278FDCA-FB09-4483-A239-7152E3E6A344}.Debug|Any CPU.ActiveCfg = Debug|Any CPU
		{A278FDCA-FB09-4483-A239-7152E3E6A344}.DVD-5|Any CPU.ActiveCfg = Debug|Any CPU
		{A278FDCA-FB09-4483-A239-7152E3E6A344}.Release|Any CPU.ActiveCfg = Release|Any CPU
		{A278FDCA-FB09-4483-A239-7152E3E6A344}.SingleImage|Any CPU.ActiveCfg = Release|Any CPU
		{F4576350-A9B9-496E-940E-D9EA2CB59B2D}.CD_ROM|Any CPU.ActiveCfg = Release|Any CPU
		{F4576350-A9B9-496E-940E-D9EA2CB59B2D}.CD_ROM|Any CPU.Build.0 = Release|Any CPU
		{F4576350-A9B9-496E-940E-D9EA2CB59B2D}.Debug|Any CPU.ActiveCfg = Debug|Any CPU
		{F4576350-A9B9-496E-940E-D9EA2CB59B2D}.Debug|Any CPU.Build.0 = Debug|Any CPU
		{F4576350-A9B9-496E-940E-D9EA2CB59B2D}.DVD-5|Any CPU.ActiveCfg = Debug|Any CPU
		{F4576350-A9B9-496E-940E-D9EA2CB59B2D}.DVD-5|Any CPU.Build.0 = Debug|Any CPU
		{F4576350-A9B9-496E-940E-D9EA2CB59B2D}.Release|Any CPU.ActiveCfg = Release|Any CPU
		{F4576350-A9B9-496E-940E-D9EA2CB59B2D}.Release|Any CPU.Build.0 = Release|Any CPU
		{F4576350-A9B9-496E-940E-D9EA2CB59B2D}.SingleImage|Any CPU.ActiveCfg = Release|Any CPU
		{F4576350-A9B9-496E-940E-D9EA2CB59B2D}.SingleImage|Any CPU.Build.0 = Release|Any CPU
		{A4181533-FF10-4E8C-8E87-955831E09DAF}.CD_ROM|Any CPU.ActiveCfg = Release|Any CPU
		{A4181533-FF10-4E8C-8E87-955831E09DAF}.CD_ROM|Any CPU.Build.0 = Release|Any CPU
		{A4181533-FF10-4E8C-8E87-955831E09DAF}.Debug|Any CPU.ActiveCfg = Debug|Any CPU
		{A4181533-FF10-4E8C-8E87-955831E09DAF}.Debug|Any CPU.Build.0 = Debug|Any CPU
		{A4181533-FF10-4E8C-8E87-955831E09DAF}.DVD-5|Any CPU.ActiveCfg = Debug|Any CPU
		{A4181533-FF10-4E8C-8E87-955831E09DAF}.DVD-5|Any CPU.Build.0 = Debug|Any CPU
		{A4181533-FF10-4E8C-8E87-955831E09DAF}.Release|Any CPU.ActiveCfg = Release|Any CPU
		{A4181533-FF10-4E8C-8E87-955831E09DAF}.Release|Any CPU.Build.0 = Release|Any CPU
		{A4181533-FF10-4E8C-8E87-955831E09DAF}.SingleImage|Any CPU.ActiveCfg = Release|Any CPU
		{A4181533-FF10-4E8C-8E87-955831E09DAF}.SingleImage|Any CPU.Build.0 = Release|Any CPU
		{C2BB2D7B-E0EB-408A-A897-7A65FDB65A55}.CD_ROM|Any CPU.ActiveCfg = Release|Any CPU
		{C2BB2D7B-E0EB-408A-A897-7A65FDB65A55}.CD_ROM|Any CPU.Build.0 = Release|Any CPU
		{C2BB2D7B-E0EB-408A-A897-7A65FDB65A55}.Debug|Any CPU.ActiveCfg = Debug|Any CPU
		{C2BB2D7B-E0EB-408A-A897-7A65FDB65A55}.Debug|Any CPU.Build.0 = Debug|Any CPU
		{C2BB2D7B-E0EB-408A-A897-7A65FDB65A55}.DVD-5|Any CPU.ActiveCfg = Debug|Any CPU
		{C2BB2D7B-E0EB-408A-A897-7A65FDB65A55}.DVD-5|Any CPU.Build.0 = Debug|Any CPU
		{C2BB2D7B-E0EB-408A-A897-7A65FDB65A55}.Release|Any CPU.ActiveCfg = Release|Any CPU
		{C2BB2D7B-E0EB-408A-A897-7A65FDB65A55}.Release|Any CPU.Build.0 = Release|Any CPU
		{C2BB2D7B-E0EB-408A-A897-7A65FDB65A55}.SingleImage|Any CPU.ActiveCfg = Release|Any CPU
		{C2BB2D7B-E0EB-408A-A897-7A65FDB65A55}.SingleImage|Any CPU.Build.0 = Release|Any CPU
		{D6C37B8B-F9C3-45F6-A028-94CA88431FE9}.CD_ROM|Any CPU.ActiveCfg = Release|Any CPU
		{D6C37B8B-F9C3-45F6-A028-94CA88431FE9}.CD_ROM|Any CPU.Build.0 = Release|Any CPU
		{D6C37B8B-F9C3-45F6-A028-94CA88431FE9}.Debug|Any CPU.ActiveCfg = Debug|Any CPU
		{D6C37B8B-F9C3-45F6-A028-94CA88431FE9}.Debug|Any CPU.Build.0 = Debug|Any CPU
		{D6C37B8B-F9C3-45F6-A028-94CA88431FE9}.DVD-5|Any CPU.ActiveCfg = Debug|Any CPU
		{D6C37B8B-F9C3-45F6-A028-94CA88431FE9}.DVD-5|Any CPU.Build.0 = Debug|Any CPU
		{D6C37B8B-F9C3-45F6-A028-94CA88431FE9}.Release|Any CPU.ActiveCfg = Release|Any CPU
		{D6C37B8B-F9C3-45F6-A028-94CA88431FE9}.Release|Any CPU.Build.0 = Release|Any CPU
		{D6C37B8B-F9C3-45F6-A028-94CA88431FE9}.SingleImage|Any CPU.ActiveCfg = Release|Any CPU
		{D6C37B8B-F9C3-45F6-A028-94CA88431FE9}.SingleImage|Any CPU.Build.0 = Release|Any CPU
		{AAC2D94E-E5AB-4B11-B285-B0E5704E7F47}.CD_ROM|Any CPU.ActiveCfg = Release|Any CPU
		{AAC2D94E-E5AB-4B11-B285-B0E5704E7F47}.CD_ROM|Any CPU.Build.0 = Release|Any CPU
		{AAC2D94E-E5AB-4B11-B285-B0E5704E7F47}.Debug|Any CPU.ActiveCfg = Debug|Any CPU
		{AAC2D94E-E5AB-4B11-B285-B0E5704E7F47}.Debug|Any CPU.Build.0 = Debug|Any CPU
		{AAC2D94E-E5AB-4B11-B285-B0E5704E7F47}.DVD-5|Any CPU.ActiveCfg = Debug|Any CPU
		{AAC2D94E-E5AB-4B11-B285-B0E5704E7F47}.DVD-5|Any CPU.Build.0 = Debug|Any CPU
		{AAC2D94E-E5AB-4B11-B285-B0E5704E7F47}.Release|Any CPU.ActiveCfg = Release|Any CPU
		{AAC2D94E-E5AB-4B11-B285-B0E5704E7F47}.Release|Any CPU.Build.0 = Release|Any CPU
		{AAC2D94E-E5AB-4B11-B285-B0E5704E7F47}.SingleImage|Any CPU.ActiveCfg = Release|Any CPU
		{AAC2D94E-E5AB-4B11-B285-B0E5704E7F47}.SingleImage|Any CPU.Build.0 = Release|Any CPU
		{3EBFCBD8-AADC-49F6-8CAF-56393A57D9E0}.CD_ROM|Any CPU.ActiveCfg = Release|Any CPU
		{3EBFCBD8-AADC-49F6-8CAF-56393A57D9E0}.CD_ROM|Any CPU.Build.0 = Release|Any CPU
		{3EBFCBD8-AADC-49F6-8CAF-56393A57D9E0}.Debug|Any CPU.ActiveCfg = Debug|Any CPU
		{3EBFCBD8-AADC-49F6-8CAF-56393A57D9E0}.Debug|Any CPU.Build.0 = Debug|Any CPU
		{3EBFCBD8-AADC-49F6-8CAF-56393A57D9E0}.DVD-5|Any CPU.ActiveCfg = Debug|Any CPU
		{3EBFCBD8-AADC-49F6-8CAF-56393A57D9E0}.DVD-5|Any CPU.Build.0 = Debug|Any CPU
		{3EBFCBD8-AADC-49F6-8CAF-56393A57D9E0}.Release|Any CPU.ActiveCfg = Release|Any CPU
		{3EBFCBD8-AADC-49F6-8CAF-56393A57D9E0}.Release|Any CPU.Build.0 = Release|Any CPU
		{3EBFCBD8-AADC-49F6-8CAF-56393A57D9E0}.SingleImage|Any CPU.ActiveCfg = Release|Any CPU
		{3EBFCBD8-AADC-49F6-8CAF-56393A57D9E0}.SingleImage|Any CPU.Build.0 = Release|Any CPU
		{A5154408-FBFE-45E2-B287-D09F1C55DB65}.CD_ROM|Any CPU.ActiveCfg = CD_ROM
		{A5154408-FBFE-45E2-B287-D09F1C55DB65}.CD_ROM|Any CPU.Build.0 = CD_ROM
		{A5154408-FBFE-45E2-B287-D09F1C55DB65}.Debug|Any CPU.ActiveCfg = DVD-5
		{A5154408-FBFE-45E2-B287-D09F1C55DB65}.Debug|Any CPU.Build.0 = DVD-5
		{A5154408-FBFE-45E2-B287-D09F1C55DB65}.DVD-5|Any CPU.ActiveCfg = DVD-5
		{A5154408-FBFE-45E2-B287-D09F1C55DB65}.DVD-5|Any CPU.Build.0 = DVD-5
		{A5154408-FBFE-45E2-B287-D09F1C55DB65}.Release|Any CPU.ActiveCfg = SingleImage
		{A5154408-FBFE-45E2-B287-D09F1C55DB65}.Release|Any CPU.Build.0 = SingleImage
		{A5154408-FBFE-45E2-B287-D09F1C55DB65}.SingleImage|Any CPU.ActiveCfg = SingleImage
		{A5154408-FBFE-45E2-B287-D09F1C55DB65}.SingleImage|Any CPU.Build.0 = SingleImage
	EndGlobalSection
	GlobalSection(SolutionProperties) = preSolution
		HideSolutionNode = FALSE
	EndGlobalSection
EndGlobal
